
Microsoft Visual Studio Solution File, Format Version 12.00
# Visual Studio Version 17
VisualStudioVersion = 17.9.34728.123
MinimumVisualStudioVersion = 10.0.40219.1
Project("{8BC9CEB8-8B4A-11D0-8D11-00A0C91BC942}") = "Loader", "Loader\Loader.vcxproj", "{4FB88810-7DFF-4D59-A8E8-7F0313EB5ECD}"
	ProjectSection(ProjectDependencies) = postProject
		{45399B67-6C8E-4F5C-B530-0407203F00F0} = {45399B67-6C8E-4F5C-B530-0407203F00F0}
	EndProjectSection
EndProject
Project("{8BC9CEB8-8B4A-11D0-8D11-00A0C91BC942}") = "ModLoader", "ModLoader\ModLoader.vcxproj", "{45399B67-6C8E-4F5C-B530-0407203F00F0}"
EndProject
Global
	GlobalSection(SolutionConfigurationPlatforms) = preSolution
		Debug|x64 = Debug|x64
		Debug|x86 = Debug|x86
		Release|x64 = Release|x64
		Release|x86 = Release|x86
	EndGlobalSection
	GlobalSection(ProjectConfigurationPlatforms) = postSolution
		{4FB88810-7DFF-4D59-A8E8-7F0313EB5ECD}.Debug|x64.ActiveCfg = Debug|x64
		{4FB88810-7DFF-4D59-A8E8-7F0313EB5ECD}.Debug|x64.Build.0 = Debug|x64
		{4FB88810-7DFF-4D59-A8E8-7F0313EB5ECD}.Debug|x86.ActiveCfg = Debug|Win32
		{4FB88810-7DFF-4D59-A8E8-7F0313EB5ECD}.Debug|x86.Build.0 = Debug|Win32
		{4FB88810-7DFF-4D59-A8E8-7F0313EB5ECD}.Release|x64.ActiveCfg = Release|x64
		{4FB88810-7DFF-4D59-A8E8-7F0313EB5ECD}.Release|x64.Build.0 = Release|x64
		{4FB88810-7DFF-4D59-A8E8-7F0313EB5ECD}.Release|x86.ActiveCfg = Release|Win32
		{4FB88810-7DFF-4D59-A8E8-7F0313EB5ECD}.Release|x86.Build.0 = Release|Win32
		{45399B67-6C8E-4F5C-B530-0407203F00F0}.Debug|x64.ActiveCfg = Debug|x64
		{45399B67-6C8E-4F5C-B530-0407203F00F0}.Debug|x64.Build.0 = Debug|x64
		{45399B67-6C8E-4F5C-B530-0407203F00F0}.Debug|x86.ActiveCfg = Debug|Win32
		{45399B67-6C8E-4F5C-B530-0407203F00F0}.Debug|x86.Build.0 = Debug|Win32
		{45399B67-6C8E-4F5C-B530-0407203F00F0}.Release|x64.ActiveCfg = Release|x64
		{45399B67-6C8E-4F5C-B530-0407203F00F0}.Release|x64.Build.0 = Release|x64
		{45399B67-6C8E-4F5C-B530-0407203F00F0}.Release|x86.ActiveCfg = Release|Win32
		{45399B67-6C8E-4F5C-B530-0407203F00F0}.Release|x86.Build.0 = Release|Win32
	EndGlobalSection
	GlobalSection(SolutionProperties) = preSolution
		HideSolutionNode = FALSE
	EndGlobalSection
	GlobalSection(ExtensibilityGlobals) = postSolution
		SolutionGuid = {42B3AF09-E2F8-44A3-9EC5-8D48AA469765}
	EndGlobalSection
EndGlobal
