<?xml version="1.0" encoding="utf-8"?>
<Project ToolsVersion="4.0" xmlns="http://schemas.microsoft.com/developer/msbuild/2003">
  <ItemGroup>
    <Filter Include="RpgMaker">
      <UniqueIdentifier>{713b3690-e641-40f9-ac7b-971793afd207}</UniqueIdentifier>
    </Filter>
    <Filter Include="Libraries">
      <UniqueIdentifier>{285e55a6-9692-4c9d-a4b4-8e68b33f5ef6}</UniqueIdentifier>
    </Filter>
    <Filter Include="Libraries\minhook">
      <UniqueIdentifier>{ed54cbcc-3959-4527-9698-9485b5c12312}</UniqueIdentifier>
    </Filter>
    <Filter Include="ModLoader">
      <UniqueIdentifier>{31199342-6107-450b-b15b-6418176b3e8e}</UniqueIdentifier>
    </Filter>
  </ItemGroup>
  <ItemGroup>
    <ClCompile Include="minhook\src\hook.c">
      <Filter>Libraries\minhook</Filter>
    </ClCompile>
    <ClCompile Include="minhook\src\trampoline.c">
      <Filter>Libraries\minhook</Filter>
    </ClCompile>
    <ClCompile Include="minhook\src\buffer.c">
      <Filter>Libraries\minhook</Filter>
    </ClCompile>
    <ClCompile Include="minhook\src\hde\hde64.c">
      <Filter>Libraries\minhook</Filter>
    </ClCompile>
    <ClCompile Include="minhook\src\hde\hde32.c">
      <Filter>Libraries\minhook</Filter>
    </ClCompile>
    <ClCompile Include="RMGlobal.cpp">
      <Filter>RpgMaker</Filter>
    </ClCompile>
    <ClCompile Include="ModLoader.cpp">
      <Filter>ModLoader</Filter>
    </ClCompile>
    <ClCompile Include="DllMain.cpp" />
    <ClCompile Include="HRFixHooks.cpp">
      <Filter>ModLoader</Filter>
    </ClCompile>
    <ClCompile Include="ModLoaderConfig.cpp">
      <Filter>ModLoader</Filter>
    </ClCompile>
  </ItemGroup>
  <ItemGroup>
    <ClInclude Include="minhook\src\buffer.h">
      <Filter>Libraries\minhook</Filter>
    </ClInclude>
    <ClInclude Include="minhook\src\trampoline.h">
      <Filter>Libraries\minhook</Filter>
    </ClInclude>
    <ClInclude Include="minhook\src\hde\hde64.h">
      <Filter>Libraries\minhook</Filter>
    </ClInclude>
    <ClInclude Include="minhook\src\hde\pstdint.h">
      <Filter>Libraries\minhook</Filter>
    </ClInclude>
    <ClInclude Include="minhook\src\hde\table32.h">
      <Filter>Libraries\minhook</Filter>
    </ClInclude>
    <ClInclude Include="minhook\src\hde\table64.h">
      <Filter>Libraries\minhook</Filter>
    </ClInclude>
    <ClInclude Include="minhook\src\hde\hde32.h">
      <Filter>Libraries\minhook</Filter>
    </ClInclude>
    <ClInclude Include="Hook.hpp" />
    <ClInclude Include="RMGlobal.hpp">
      <Filter>RpgMaker</Filter>
    </ClInclude>
    <ClInclude Include="ModLoader.hpp">
      <Filter>ModLoader</Filter>
    </ClInclude>
    <ClInclude Include="HRFixHooks.hpp">
      <Filter>ModLoader</Filter>
    </ClInclude>
    <ClInclude Include="ModLoaderConfig.hpp">
      <Filter>ModLoader</Filter>
    </ClInclude>
  </ItemGroup>
  <ItemGroup>
    <None Include="RMClasses.hpp">
      <Filter>RpgMaker</Filter>
    </None>
  </ItemGroup>
</Project>